
Microsoft Visual Studio Solution File, Format Version 12.00
# Visual Studio Version 17
VisualStudioVersion = 17.5.33516.290
MinimumVisualStudioVersion = 10.0.40219.1
Project("{FAE04EC0-301F-11D3-BF4B-00C04F79EFBC}") = "Assignment3", "Assignment3.csproj", "{6E2CD54E-A860-462D-81A2-31ECC6A6E8A6}"
EndProject
Project("{FAE04EC0-301F-11D3-BF4B-00C04F79EFBC}") = "Assignment3-Test", "..\Assignment3-Test\Assignment3-Test.csproj", "{27A7FAE2-898D-4D00-8D2A-D04E06C955AB}"
EndProject
Global
	GlobalSection(SolutionConfigurationPlatforms) = preSolution
		Debug|Any CPU = Debug|Any CPU
		Release|Any CPU = Release|Any CPU
	EndGlobalSection
	GlobalSection(ProjectConfigurationPlatforms) = postSolution
		{6E2CD54E-A860-462D-81A2-31ECC6A6E8A6}.Debug|Any CPU.ActiveCfg = Debug|Any CPU
		{6E2CD54E-A860-462D-81A2-31ECC6A6E8A6}.Debug|Any CPU.Build.0 = Debug|Any CPU
		{6E2CD54E-A860-462D-81A2-31ECC6A6E8A6}.Release|Any CPU.ActiveCfg = Release|Any CPU
		{6E2CD54E-A860-462D-81A2-31ECC6A6E8A6}.Release|Any CPU.Build.0 = Release|Any CPU
		{27A7FAE2-898D-4D00-8D2A-D04E06C955AB}.Debug|Any CPU.ActiveCfg = Debug|Any CPU
		{27A7FAE2-898D-4D00-8D2A-D04E06C955AB}.Debug|Any CPU.Build.0 = Debug|Any CPU
		{27A7FAE2-898D-4D00-8D2A-D04E06C955AB}.Release|Any CPU.ActiveCfg = Release|Any CPU
		{27A7FAE2-898D-4D00-8D2A-D04E06C955AB}.Release|Any CPU.Build.0 = Release|Any CPU
	EndGlobalSection
	GlobalSection(SolutionProperties) = preSolution
		HideSolutionNode = FALSE
	EndGlobalSection
	GlobalSection(ExtensibilityGlobals) = postSolution
		SolutionGuid = {0ACCD666-2A46-4CE4-A5BA-3E5C01BC07F1}
	EndGlobalSection
EndGlobal
